<?xml version="1.0" encoding="utf-8"?>
<Project ToolsVersion="4.0" xmlns="http://schemas.microsoft.com/developer/msbuild/2003">
  <ItemGroup>
    <ClInclude Include="core_types.h" />
    <ClInclude Include="graphics\shader_program.h">
      <Filter>graphics</Filter>
    </ClInclude>
    <ClInclude Include="graphics\core_graphics.h">
      <Filter>graphics</Filter>
    </ClInclude>
    <ClInclude Include="graphics\buffer_utils.h">
      <Filter>graphics</Filter>
    </ClInclude>
    <ClInclude Include="graphics\vertex_array.h">
      <Filter>graphics</Filter>
    </ClInclude>
    <ClInclude Include="graphics\material.h">
      <Filter>graphics</Filter>
    </ClInclude>
    <ClInclude Include="utility\file_io.h">
      <Filter>utility</Filter>
    </ClInclude>
    <ClInclude Include="graphics\material_parameter.h">
      <Filter>graphics</Filter>
    </ClInclude>
  </ItemGroup>
  <ItemGroup>
    <Filter Include="graphics">
      <UniqueIdentifier>{b96f7b3c-004e-4d9e-83f1-e8cc8338c758}</UniqueIdentifier>
    </Filter>
    <Filter Include="utility">
      <UniqueIdentifier>{b5dc0493-05ae-4817-a2f0-d3e58406774e}</UniqueIdentifier>
    </Filter>
  </ItemGroup>
  <ItemGroup>
    <ClCompile Include="graphics\shader_program.cpp">
      <Filter>graphics</Filter>
    </ClCompile>
    <ClCompile Include="graphics\buffer_utils.cpp">
      <Filter>graphics</Filter>
    </ClCompile>
    <ClCompile Include="graphics\vertex_array.cpp">
      <Filter>graphics</Filter>
    </ClCompile>
    <ClCompile Include="graphics\material.cpp">
      <Filter>graphics</Filter>
    </ClCompile>
    <ClCompile Include="utility\file_io.cpp">
      <Filter>utility</Filter>
    </ClCompile>
  </ItemGroup>
  <ItemGroup>
    <None Include="graphics\material_parameter.inl">
      <Filter>graphics</Filter>
    </None>
  </ItemGroup>
</Project>